
Microsoft Visual Studio Solution File, Format Version 12.00
# Visual Studio Version 17
VisualStudioVersion = 17.7.34031.279
MinimumVisualStudioVersion = 10.0.40219.1
Project("{F184B08F-C81C-45F6-A57F-5ABD9991F28F}") = "10.4 Grade Generator", "10.4 Grade Generator\10.4 Grade Generator.vbproj", "{8D673F8B-878C-4D4D-9AEA-09043105C527}"
EndProject
Global
	GlobalSection(SolutionConfigurationPlatforms) = preSolution
		Debug|Any CPU = Debug|Any CPU
		Release|Any CPU = Release|Any CPU
	EndGlobalSection
	GlobalSection(ProjectConfigurationPlatforms) = postSolution
		{8D673F8B-878C-4D4D-9AEA-09043105C527}.Debug|Any CPU.ActiveCfg = Debug|Any CPU
		{8D673F8B-878C-4D4D-9AEA-09043105C527}.Debug|Any CPU.Build.0 = Debug|Any CPU
		{8D673F8B-878C-4D4D-9AEA-09043105C527}.Release|Any CPU.ActiveCfg = Release|Any CPU
		{8D673F8B-878C-4D4D-9AEA-09043105C527}.Release|Any CPU.Build.0 = Release|Any CPU
	EndGlobalSection
	GlobalSection(SolutionProperties) = preSolution
		HideSolutionNode = FALSE
	EndGlobalSection
	GlobalSection(ExtensibilityGlobals) = postSolution
		SolutionGuid = {FE8FFAAA-CD7E-4201-B478-BE3CE69B9EED}
	EndGlobalSection
EndGlobal
